
Microsoft Visual Studio Solution File, Format Version 12.00
# Visual Studio Version 17
VisualStudioVersion = 17.3.32922.545
MinimumVisualStudioVersion = 10.0.40219.1
Project("{FAE04EC0-301F-11D3-BF4B-00C04F79EFBC}") = "OOPExample", "OOPExample\OOPExample.csproj", "{971210D0-4190-459C-8412-736B2F1E638D}"
EndProject
Global
	GlobalSection(SolutionConfigurationPlatforms) = preSolution
		Debug|Any CPU = Debug|Any CPU
		Release|Any CPU = Release|Any CPU
	EndGlobalSection
	GlobalSection(ProjectConfigurationPlatforms) = postSolution
		{971210D0-4190-459C-8412-736B2F1E638D}.Debug|Any CPU.ActiveCfg = Debug|Any CPU
		{971210D0-4190-459C-8412-736B2F1E638D}.Debug|Any CPU.Build.0 = Debug|Any CPU
		{971210D0-4190-459C-8412-736B2F1E638D}.Release|Any CPU.ActiveCfg = Release|Any CPU
		{971210D0-4190-459C-8412-736B2F1E638D}.Release|Any CPU.Build.0 = Release|Any CPU
	EndGlobalSection
	GlobalSection(SolutionProperties) = preSolution
		HideSolutionNode = FALSE
	EndGlobalSection
	GlobalSection(ExtensibilityGlobals) = postSolution
		SolutionGuid = {9726E0BC-4954-4029-B150-C91C6B6EC6BC}
	EndGlobalSection
EndGlobal
